
Microsoft Visual Studio Solution File, Format Version 12.00
# Visual Studio Version 16
VisualStudioVersion = 16.0.31911.196
MinimumVisualStudioVersion = 10.0.40219.1
Project("{888888A0-9F3D-457C-B088-3A5042F75D52}") = "Ark Fishing Bot (Jai)", "Ark Fishing Bot (Jai)\Ark Fishing Bot (Jai).pyproj", "{7854627A-8C37-4C24-B062-4AAD89F19D50}"
EndProject
Global
	GlobalSection(SolutionConfigurationPlatforms) = preSolution
		Debug|Any CPU = Debug|Any CPU
		Release|Any CPU = Release|Any CPU
	EndGlobalSection
	GlobalSection(ProjectConfigurationPlatforms) = postSolution
		{7854627A-8C37-4C24-B062-4AAD89F19D50}.Debug|Any CPU.ActiveCfg = Debug|Any CPU
		{7854627A-8C37-4C24-B062-4AAD89F19D50}.Release|Any CPU.ActiveCfg = Release|Any CPU
	EndGlobalSection
	GlobalSection(SolutionProperties) = preSolution
		HideSolutionNode = FALSE
	EndGlobalSection
	GlobalSection(ExtensibilityGlobals) = postSolution
		SolutionGuid = {144A1C5F-1E95-4556-BF0B-8261C43888C6}
	EndGlobalSection
EndGlobal
